
Microsoft Visual Studio Solution File, Format Version 12.00
# Visual Studio 2013
VisualStudioVersion = 12.0.30501.0
MinimumVisualStudioVersion = 10.0.40219.1
Project("{FAE04EC0-301F-11D3-BF4B-00C04F79EFBC}") = "Formula", "Formula\Formula.csproj", "{233120E5-5032-4D31-891D-DC1062A24606}"
EndProject
Project("{FAE04EC0-301F-11D3-BF4B-00C04F79EFBC}") = "FormulaTester", "FormulaTester\FormulaTester.csproj", "{4C7ABBA2-A0BD-4189-926F-8036DFE63F56}"
EndProject
Project("{FAE04EC0-301F-11D3-BF4B-00C04F79EFBC}") = "PS3GradingTests", "PS3GradingTests\PS3GradingTests.csproj", "{9199D6DC-1F13-4F1B-A596-FFF1CA9D4361}"
EndProject
Global
	GlobalSection(SubversionScc) = preSolution
		Svn-Managed = True
		Manager = AnkhSVN - Subversion Support for Visual Studio
	EndGlobalSection
	GlobalSection(SolutionConfigurationPlatforms) = preSolution
		Debug|Any CPU = Debug|Any CPU
		Release|Any CPU = Release|Any CPU
	EndGlobalSection
	GlobalSection(ProjectConfigurationPlatforms) = postSolution
		{233120E5-5032-4D31-891D-DC1062A24606}.Debug|Any CPU.ActiveCfg = Debug|Any CPU
		{233120E5-5032-4D31-891D-DC1062A24606}.Debug|Any CPU.Build.0 = Debug|Any CPU
		{233120E5-5032-4D31-891D-DC1062A24606}.Release|Any CPU.ActiveCfg = Release|Any CPU
		{233120E5-5032-4D31-891D-DC1062A24606}.Release|Any CPU.Build.0 = Release|Any CPU
		{4C7ABBA2-A0BD-4189-926F-8036DFE63F56}.Debug|Any CPU.ActiveCfg = Debug|Any CPU
		{4C7ABBA2-A0BD-4189-926F-8036DFE63F56}.Debug|Any CPU.Build.0 = Debug|Any CPU
		{4C7ABBA2-A0BD-4189-926F-8036DFE63F56}.Release|Any CPU.ActiveCfg = Release|Any CPU
		{4C7ABBA2-A0BD-4189-926F-8036DFE63F56}.Release|Any CPU.Build.0 = Release|Any CPU
		{9199D6DC-1F13-4F1B-A596-FFF1CA9D4361}.Debug|Any CPU.ActiveCfg = Debug|Any CPU
		{9199D6DC-1F13-4F1B-A596-FFF1CA9D4361}.Debug|Any CPU.Build.0 = Debug|Any CPU
		{9199D6DC-1F13-4F1B-A596-FFF1CA9D4361}.Release|Any CPU.ActiveCfg = Release|Any CPU
		{9199D6DC-1F13-4F1B-A596-FFF1CA9D4361}.Release|Any CPU.Build.0 = Release|Any CPU
	EndGlobalSection
	GlobalSection(SolutionProperties) = preSolution
		HideSolutionNode = FALSE
	EndGlobalSection
EndGlobal
