
Microsoft Visual Studio Solution File, Format Version 12.00
# Visual Studio 2013
VisualStudioVersion = 12.0.21005.1
MinimumVisualStudioVersion = 10.0.40219.1
Project("{FAE04EC0-301F-11D3-BF4B-00C04F79EFBC}") = "FormulaEvaluator", "FormulaEvaluator\FormulaEvaluator.csproj", "{CBBDD7C6-7EF4-4ACE-9C8C-11C816C6125F}"
EndProject
Project("{FAE04EC0-301F-11D3-BF4B-00C04F79EFBC}") = "Tester", "Tester\Tester.csproj", "{05D599A3-611A-4310-B89A-803BEDCDBBB8}"
EndProject
Project("{FAE04EC0-301F-11D3-BF4B-00C04F79EFBC}") = "EvaluatorTest", "UnitTestProject1\EvaluatorTest.csproj", "{68C596D0-A30E-4AC4-938D-C2334AF3184E}"
EndProject
Global
	GlobalSection(SubversionScc) = preSolution
		Svn-Managed = True
		Manager = AnkhSVN - Subversion Support for Visual Studio
	EndGlobalSection
	GlobalSection(SolutionConfigurationPlatforms) = preSolution
		Debug|Any CPU = Debug|Any CPU
		Release|Any CPU = Release|Any CPU
	EndGlobalSection
	GlobalSection(ProjectConfigurationPlatforms) = postSolution
		{CBBDD7C6-7EF4-4ACE-9C8C-11C816C6125F}.Debug|Any CPU.ActiveCfg = Debug|Any CPU
		{CBBDD7C6-7EF4-4ACE-9C8C-11C816C6125F}.Debug|Any CPU.Build.0 = Debug|Any CPU
		{CBBDD7C6-7EF4-4ACE-9C8C-11C816C6125F}.Release|Any CPU.ActiveCfg = Release|Any CPU
		{CBBDD7C6-7EF4-4ACE-9C8C-11C816C6125F}.Release|Any CPU.Build.0 = Release|Any CPU
		{05D599A3-611A-4310-B89A-803BEDCDBBB8}.Debug|Any CPU.ActiveCfg = Debug|Any CPU
		{05D599A3-611A-4310-B89A-803BEDCDBBB8}.Debug|Any CPU.Build.0 = Debug|Any CPU
		{05D599A3-611A-4310-B89A-803BEDCDBBB8}.Release|Any CPU.ActiveCfg = Release|Any CPU
		{05D599A3-611A-4310-B89A-803BEDCDBBB8}.Release|Any CPU.Build.0 = Release|Any CPU
		{68C596D0-A30E-4AC4-938D-C2334AF3184E}.Debug|Any CPU.ActiveCfg = Debug|Any CPU
		{68C596D0-A30E-4AC4-938D-C2334AF3184E}.Debug|Any CPU.Build.0 = Debug|Any CPU
		{68C596D0-A30E-4AC4-938D-C2334AF3184E}.Release|Any CPU.ActiveCfg = Release|Any CPU
		{68C596D0-A30E-4AC4-938D-C2334AF3184E}.Release|Any CPU.Build.0 = Release|Any CPU
	EndGlobalSection
	GlobalSection(SolutionProperties) = preSolution
		HideSolutionNode = FALSE
	EndGlobalSection
EndGlobal
